
Microsoft Visual Studio Solution File, Format Version 12.00
# Visual Studio Version 17
VisualStudioVersion = 17.5.33424.131
MinimumVisualStudioVersion = 10.0.40219.1
Project("{2150E333-8FDC-42A3-9474-1A3956D46DE8}") = "src", "src", "{9364C3AB-0184-4312-B530-845122302F1B}"
EndProject
Project("{2150E333-8FDC-42A3-9474-1A3956D46DE8}") = "test", "test", "{0C550EEA-0190-4F46-A363-4DD0D67B1D68}"
EndProject
Project("{2150E333-8FDC-42A3-9474-1A3956D46DE8}") = "API", "API", "{9E8E5A59-F9C7-444F-9D0E-D3A99E151F49}"
EndProject
Project("{2150E333-8FDC-42A3-9474-1A3956D46DE8}") = "BLL", "BLL", "{218CCCDE-0C2B-4402-AB40-5F216EFE76AE}"
EndProject
Project("{2150E333-8FDC-42A3-9474-1A3956D46DE8}") = "DAL", "DAL", "{DBE8059F-91E2-4113-B45C-F7DC30CEC540}"
EndProject
Project("{9A19103F-16F7-4668-BE54-9A1E7A4F7556}") = "UserModule.DAL", "UserModule.DAL\UserModule.DAL.csproj", "{CF27666D-92B0-4C2E-AEEE-9906109A7CCC}"
EndProject
Project("{9A19103F-16F7-4668-BE54-9A1E7A4F7556}") = "UserModule.BLL", "UserModule.BLL\UserModule.BLL.csproj", "{F90E8D98-019A-4D7B-8371-816C72FCD016}"
EndProject
Project("{9A19103F-16F7-4668-BE54-9A1E7A4F7556}") = "UserModule.API", "UserModule.API\UserModule.API.csproj", "{1F03F979-74FD-45A8-88FC-E8949ADFD14F}"
EndProject
Global
	GlobalSection(SolutionConfigurationPlatforms) = preSolution
		Debug|Any CPU = Debug|Any CPU
		Release|Any CPU = Release|Any CPU
	EndGlobalSection
	GlobalSection(ProjectConfigurationPlatforms) = postSolution
		{CF27666D-92B0-4C2E-AEEE-9906109A7CCC}.Debug|Any CPU.ActiveCfg = Debug|Any CPU
		{CF27666D-92B0-4C2E-AEEE-9906109A7CCC}.Debug|Any CPU.Build.0 = Debug|Any CPU
		{CF27666D-92B0-4C2E-AEEE-9906109A7CCC}.Release|Any CPU.ActiveCfg = Release|Any CPU
		{CF27666D-92B0-4C2E-AEEE-9906109A7CCC}.Release|Any CPU.Build.0 = Release|Any CPU
		{F90E8D98-019A-4D7B-8371-816C72FCD016}.Debug|Any CPU.ActiveCfg = Debug|Any CPU
		{F90E8D98-019A-4D7B-8371-816C72FCD016}.Debug|Any CPU.Build.0 = Debug|Any CPU
		{F90E8D98-019A-4D7B-8371-816C72FCD016}.Release|Any CPU.ActiveCfg = Release|Any CPU
		{F90E8D98-019A-4D7B-8371-816C72FCD016}.Release|Any CPU.Build.0 = Release|Any CPU
		{1F03F979-74FD-45A8-88FC-E8949ADFD14F}.Debug|Any CPU.ActiveCfg = Debug|Any CPU
		{1F03F979-74FD-45A8-88FC-E8949ADFD14F}.Debug|Any CPU.Build.0 = Debug|Any CPU
		{1F03F979-74FD-45A8-88FC-E8949ADFD14F}.Release|Any CPU.ActiveCfg = Release|Any CPU
		{1F03F979-74FD-45A8-88FC-E8949ADFD14F}.Release|Any CPU.Build.0 = Release|Any CPU
	EndGlobalSection
	GlobalSection(SolutionProperties) = preSolution
		HideSolutionNode = FALSE
	EndGlobalSection
	GlobalSection(NestedProjects) = preSolution
		{9E8E5A59-F9C7-444F-9D0E-D3A99E151F49} = {9364C3AB-0184-4312-B530-845122302F1B}
		{218CCCDE-0C2B-4402-AB40-5F216EFE76AE} = {9364C3AB-0184-4312-B530-845122302F1B}
		{DBE8059F-91E2-4113-B45C-F7DC30CEC540} = {9364C3AB-0184-4312-B530-845122302F1B}
		{CF27666D-92B0-4C2E-AEEE-9906109A7CCC} = {DBE8059F-91E2-4113-B45C-F7DC30CEC540}
		{F90E8D98-019A-4D7B-8371-816C72FCD016} = {218CCCDE-0C2B-4402-AB40-5F216EFE76AE}
		{1F03F979-74FD-45A8-88FC-E8949ADFD14F} = {9E8E5A59-F9C7-444F-9D0E-D3A99E151F49}
	EndGlobalSection
	GlobalSection(ExtensibilityGlobals) = postSolution
		SolutionGuid = {6A43D94C-FD95-4F1D-A1CB-846B64EBC73E}
	EndGlobalSection
EndGlobal
